<?xml version="1.0" encoding="utf-8"?>
<Project ToolsVersion="4.0" xmlns="http://schemas.microsoft.com/developer/msbuild/2003">
  <ItemGroup>
    <Filter Include="Source Files">
      <UniqueIdentifier>{4FC737F1-C7A5-4376-A066-2A32D752A2FF}</UniqueIdentifier>
      <Extensions>cpp;c;cc;cxx;c++;cppm;ixx;def;odl;idl;hpj;bat;asm;asmx</Extensions>
    </Filter>
    <Filter Include="Utility Files">
      <UniqueIdentifier>{53f1dfb2-c249-4fd8-8fc3-dbee81b47cf5}</UniqueIdentifier>
    </Filter>
  </ItemGroup>
  <ItemGroup>
    <ClCompile Include="pch.cpp">
      <Filter>Source Files</Filter>
    </ClCompile>
    <ClCompile Include="App.cpp">
      <Filter>Source Files</Filter>
    </ClCompile>
    <ClCompile Include="BotWHook.cpp">
      <Filter>Source Files</Filter>
    </ClCompile>
    <ClCompile Include="CubeGraphics.cpp">
      <Filter>Source Files</Filter>
    </ClCompile>
    <ClCompile Include="DxUtility.cpp">
      <Filter>Source Files</Filter>
    </ClCompile>
    <ClCompile Include="OpenXrProgram.cpp">
      <Filter>Source Files</Filter>
    </ClCompile>
  </ItemGroup>
  <ItemGroup>
    <ClInclude Include="pch.h">
      <Filter>Source Files</Filter>
    </ClInclude>
    <ClInclude Include="BotWHook.h">
      <Filter>Source Files</Filter>
    </ClInclude>
    <ClInclude Include="DxUtility.h">
      <Filter>Source Files</Filter>
    </ClInclude>
    <ClInclude Include="OpenXrProgram.h">
      <Filter>Source Files</Filter>
    </ClInclude>
    <ClInclude Include="Utility\XrError.h">
      <Filter>Utility Files</Filter>
    </ClInclude>
    <ClInclude Include="Utility\XrExtensions.h">
      <Filter>Utility Files</Filter>
    </ClInclude>
    <ClInclude Include="Utility\XrHandle.h">
      <Filter>Utility Files</Filter>
    </ClInclude>
    <ClInclude Include="Utility\XrMath.h">
      <Filter>Utility Files</Filter>
    </ClInclude>
    <ClInclude Include="Utility\XrString.h">
      <Filter>Utility Files</Filter>
    </ClInclude>
    <ClInclude Include="Lib\include\XrToString.h">
      <Filter>Utility Files</Filter>
    </ClInclude>
  </ItemGroup>
  <ItemGroup>
    <None Include="packages.config" />
  </ItemGroup>
</Project>